
Microsoft Visual Studio Solution File, Format Version 12.00
# Visual Studio Version 17
VisualStudioVersion = 17.9.34728.123
MinimumVisualStudioVersion = 10.0.40219.1
Project("{FAE04EC0-301F-11D3-BF4B-00C04F79EFBC}") = "EterPharma", "EterPharma.csproj", "{F552A120-4B09-4515-AD0B-42E065D11B8A}"
EndProject
Global
	GlobalSection(SolutionConfigurationPlatforms) = preSolution
		Debug|Any CPU = Debug|Any CPU
		Release|Any CPU = Release|Any CPU
	EndGlobalSection
	GlobalSection(ProjectConfigurationPlatforms) = postSolution
		{F552A120-4B09-4515-AD0B-42E065D11B8A}.Debug|Any CPU.ActiveCfg = Debug|Any CPU
		{F552A120-4B09-4515-AD0B-42E065D11B8A}.Debug|Any CPU.Build.0 = Debug|Any CPU
		{F552A120-4B09-4515-AD0B-42E065D11B8A}.Release|Any CPU.ActiveCfg = Release|Any CPU
		{F552A120-4B09-4515-AD0B-42E065D11B8A}.Release|Any CPU.Build.0 = Release|Any CPU
	EndGlobalSection
	GlobalSection(SolutionProperties) = preSolution
		HideSolutionNode = FALSE
	EndGlobalSection
	GlobalSection(ExtensibilityGlobals) = postSolution
		SolutionGuid = {2819BC13-5CDA-4AFA-BCF4-1F4363EC62FB}
	EndGlobalSection
EndGlobal
